
Microsoft Visual Studio Solution File, Format Version 12.00
Project("{FAE04EC0-301F-11D3-BF4B-00C04F79EFBC}") = "ResLogger2.Web", "src\ResLogger2.Web.csproj", "{D720AB7F-AA00-45CB-B8BB-28A3F3AB1CCB}"
EndProject
Project("{FAE04EC0-301F-11D3-BF4B-00C04F79EFBC}") = "ResLogger2.Common", "deps\ResLogger2.Common\src\ResLogger2.Common.csproj", "{2A94173B-76B2-46F8-985D-AF0B2819EB08}"
EndProject
Global
	GlobalSection(SolutionConfigurationPlatforms) = preSolution
		Debug|Any CPU = Debug|Any CPU
		Release|Any CPU = Release|Any CPU
	EndGlobalSection
	GlobalSection(ProjectConfigurationPlatforms) = postSolution
		{D720AB7F-AA00-45CB-B8BB-28A3F3AB1CCB}.Debug|Any CPU.ActiveCfg = Debug|Any CPU
		{D720AB7F-AA00-45CB-B8BB-28A3F3AB1CCB}.Debug|Any CPU.Build.0 = Debug|Any CPU
		{D720AB7F-AA00-45CB-B8BB-28A3F3AB1CCB}.Release|Any CPU.ActiveCfg = Release|Any CPU
		{D720AB7F-AA00-45CB-B8BB-28A3F3AB1CCB}.Release|Any CPU.Build.0 = Release|Any CPU
		{2A94173B-76B2-46F8-985D-AF0B2819EB08}.Debug|Any CPU.ActiveCfg = Debug|Any CPU
		{2A94173B-76B2-46F8-985D-AF0B2819EB08}.Debug|Any CPU.Build.0 = Debug|Any CPU
		{2A94173B-76B2-46F8-985D-AF0B2819EB08}.Release|Any CPU.ActiveCfg = Release|Any CPU
		{2A94173B-76B2-46F8-985D-AF0B2819EB08}.Release|Any CPU.Build.0 = Release|Any CPU
	EndGlobalSection
EndGlobal
